
Microsoft Visual Studio Solution File, Format Version 12.00
# Visual Studio Version 17
VisualStudioVersion = 17.4.33205.214
MinimumVisualStudioVersion = 10.0.40219.1
Project("{9A19103F-16F7-4668-BE54-9A1E7A4F7556}") = "Z6O9JF_SOF_2022231.ASP", "Z6O9JF_SOF_2022231.ASP\Z6O9JF_SOF_2022231.ASP.csproj", "{1C2BD7FF-A3A1-441C-85CA-1C79F6F44E4A}"
EndProject
Project("{FAE04EC0-301F-11D3-BF4B-00C04F79EFBC}") = "Z6O9JF_SOF_2022231.AzureFunctions", "Z6O9JF_SOF_2022231.AzureFunctions\Z6O9JF_SOF_2022231.AzureFunctions.csproj", "{79DF999B-F1D9-40B1-969B-68CBE68EDF66}"
EndProject
Global
	GlobalSection(SolutionConfigurationPlatforms) = preSolution
		Debug|Any CPU = Debug|Any CPU
		Release|Any CPU = Release|Any CPU
	EndGlobalSection
	GlobalSection(ProjectConfigurationPlatforms) = postSolution
		{1C2BD7FF-A3A1-441C-85CA-1C79F6F44E4A}.Debug|Any CPU.ActiveCfg = Debug|Any CPU
		{1C2BD7FF-A3A1-441C-85CA-1C79F6F44E4A}.Debug|Any CPU.Build.0 = Debug|Any CPU
		{1C2BD7FF-A3A1-441C-85CA-1C79F6F44E4A}.Release|Any CPU.ActiveCfg = Release|Any CPU
		{1C2BD7FF-A3A1-441C-85CA-1C79F6F44E4A}.Release|Any CPU.Build.0 = Release|Any CPU
		{79DF999B-F1D9-40B1-969B-68CBE68EDF66}.Debug|Any CPU.ActiveCfg = Debug|Any CPU
		{79DF999B-F1D9-40B1-969B-68CBE68EDF66}.Debug|Any CPU.Build.0 = Debug|Any CPU
		{79DF999B-F1D9-40B1-969B-68CBE68EDF66}.Release|Any CPU.ActiveCfg = Release|Any CPU
		{79DF999B-F1D9-40B1-969B-68CBE68EDF66}.Release|Any CPU.Build.0 = Release|Any CPU
	EndGlobalSection
	GlobalSection(SolutionProperties) = preSolution
		HideSolutionNode = FALSE
	EndGlobalSection
	GlobalSection(ExtensibilityGlobals) = postSolution
		SolutionGuid = {7B90B42E-CACF-4488-ACF6-25449DC19446}
	EndGlobalSection
EndGlobal
